{
  "nodes": {
    "nixpkgs": {
      "locked": {
        "lastModified": 1727426236,
        "narHash": "sha256-pbUGQ8koJyE/eCJb144v5XbB9CLzi54nYonjybl03Qs=",
        "owner": "NixOS",
        "repo": "nixpkgs",
        "rev": "353eb7a7ad46957fa8739e1ff5378b1f676aa042",
        "type": "github"
      },
      "original": {
        "owner": "NixOS",
        "repo": "nixpkgs",
        "type": "github"
      }
    },
    "root": {
      "inputs": {
        "nixpkgs": "nixpkgs"
      }
    }
  },
  "root": "root",
  "version": 7
}
